
Microsoft Visual Studio Solution File, Format Version 12.00
# Visual Studio Version 17
VisualStudioVersion = 17.7.34031.279
MinimumVisualStudioVersion = 10.0.40219.1
Project("{FAE04EC0-301F-11D3-BF4B-00C04F79EFBC}") = "dbproject", "dbproject.csproj", "{7658DF0C-569A-4ABF-870B-11C413CB44EB}"
EndProject
Global
	GlobalSection(SolutionConfigurationPlatforms) = preSolution
		Debug|Any CPU = Debug|Any CPU
		Release|Any CPU = Release|Any CPU
	EndGlobalSection
	GlobalSection(ProjectConfigurationPlatforms) = postSolution
		{7658DF0C-569A-4ABF-870B-11C413CB44EB}.Debug|Any CPU.ActiveCfg = Debug|Any CPU
		{7658DF0C-569A-4ABF-870B-11C413CB44EB}.Debug|Any CPU.Build.0 = Debug|Any CPU
		{7658DF0C-569A-4ABF-870B-11C413CB44EB}.Release|Any CPU.ActiveCfg = Release|Any CPU
		{7658DF0C-569A-4ABF-870B-11C413CB44EB}.Release|Any CPU.Build.0 = Release|Any CPU
	EndGlobalSection
	GlobalSection(SolutionProperties) = preSolution
		HideSolutionNode = FALSE
	EndGlobalSection
	GlobalSection(ExtensibilityGlobals) = postSolution
		SolutionGuid = {A8DF5A74-5BB1-486D-8A92-28382925804D}
	EndGlobalSection
EndGlobal
